
Microsoft Visual Studio Solution File, Format Version 12.00
# Visual Studio 15
VisualStudioVersion = 15.0.27703.2018
MinimumVisualStudioVersion = 10.0.40219.1
Project("{FAE04EC0-301F-11D3-BF4B-00C04F79EFBC}") = "TosAssist", "TosAssist.csproj", "{697E9825-B33B-40EB-B335-738E8D113A14}"
EndProject
Global
	GlobalSection(SolutionConfigurationPlatforms) = preSolution
		Debug|Any CPU = Debug|Any CPU
		Release|Any CPU = Release|Any CPU
	EndGlobalSection
	GlobalSection(ProjectConfigurationPlatforms) = postSolution
		{697E9825-B33B-40EB-B335-738E8D113A14}.Debug|Any CPU.ActiveCfg = Debug|Any CPU
		{697E9825-B33B-40EB-B335-738E8D113A14}.Debug|Any CPU.Build.0 = Debug|Any CPU
		{697E9825-B33B-40EB-B335-738E8D113A14}.Release|Any CPU.ActiveCfg = Release|Any CPU
		{697E9825-B33B-40EB-B335-738E8D113A14}.Release|Any CPU.Build.0 = Release|Any CPU
	EndGlobalSection
	GlobalSection(SolutionProperties) = preSolution
		HideSolutionNode = FALSE
	EndGlobalSection
	GlobalSection(ExtensibilityGlobals) = postSolution
		SolutionGuid = {AC76F130-A231-4426-AA26-B7DB3D09B07A}
	EndGlobalSection
EndGlobal
